
Microsoft Visual Studio Solution File, Format Version 12.00
# Visual Studio Version 17
VisualStudioVersion = 17.5.002.0
MinimumVisualStudioVersion = 10.0.40219.1
Project("{9A19103F-16F7-4668-BE54-9A1E7A4F7556}") = "Escenario", "Escenario.csproj", "{74514208-06CD-4E36-BEB5-270C6DFEFD06}"
EndProject
Global
	GlobalSection(SolutionConfigurationPlatforms) = preSolution
		Debug|Any CPU = Debug|Any CPU
		Release|Any CPU = Release|Any CPU
	EndGlobalSection
	GlobalSection(ProjectConfigurationPlatforms) = postSolution
		{74514208-06CD-4E36-BEB5-270C6DFEFD06}.Debug|Any CPU.ActiveCfg = Debug|Any CPU
		{74514208-06CD-4E36-BEB5-270C6DFEFD06}.Debug|Any CPU.Build.0 = Debug|Any CPU
		{74514208-06CD-4E36-BEB5-270C6DFEFD06}.Release|Any CPU.ActiveCfg = Release|Any CPU
		{74514208-06CD-4E36-BEB5-270C6DFEFD06}.Release|Any CPU.Build.0 = Release|Any CPU
	EndGlobalSection
	GlobalSection(SolutionProperties) = preSolution
		HideSolutionNode = FALSE
	EndGlobalSection
	GlobalSection(ExtensibilityGlobals) = postSolution
		SolutionGuid = {1C81917D-8B61-428B-925E-002FD30B3BCE}
	EndGlobalSection
EndGlobal
